
Microsoft Visual Studio Solution File, Format Version 12.00
# Visual Studio Version 16
VisualStudioVersion = 16.0.31624.102
MinimumVisualStudioVersion = 10.0.40219.1
Project("{8BC9CEB8-8B4A-11D0-8D11-00A0C91BC942}") = "OS_Lab3_2", "OS_Lab3_2.vcxproj", "{05A88F5D-59FA-489B-BF1D-43E8CDB4DF48}"
EndProject
Global
	GlobalSection(SolutionConfigurationPlatforms) = preSolution
		Debug|x64 = Debug|x64
		Debug|x86 = Debug|x86
		Release|x64 = Release|x64
		Release|x86 = Release|x86
	EndGlobalSection
	GlobalSection(ProjectConfigurationPlatforms) = postSolution
		{05A88F5D-59FA-489B-BF1D-43E8CDB4DF48}.Debug|x64.ActiveCfg = Debug|x64
		{05A88F5D-59FA-489B-BF1D-43E8CDB4DF48}.Debug|x64.Build.0 = Debug|x64
		{05A88F5D-59FA-489B-BF1D-43E8CDB4DF48}.Debug|x86.ActiveCfg = Debug|Win32
		{05A88F5D-59FA-489B-BF1D-43E8CDB4DF48}.Debug|x86.Build.0 = Debug|Win32
		{05A88F5D-59FA-489B-BF1D-43E8CDB4DF48}.Release|x64.ActiveCfg = Release|x64
		{05A88F5D-59FA-489B-BF1D-43E8CDB4DF48}.Release|x64.Build.0 = Release|x64
		{05A88F5D-59FA-489B-BF1D-43E8CDB4DF48}.Release|x86.ActiveCfg = Release|Win32
		{05A88F5D-59FA-489B-BF1D-43E8CDB4DF48}.Release|x86.Build.0 = Release|Win32
	EndGlobalSection
	GlobalSection(SolutionProperties) = preSolution
		HideSolutionNode = FALSE
	EndGlobalSection
	GlobalSection(ExtensibilityGlobals) = postSolution
		SolutionGuid = {EA306E5E-5C5C-4571-875D-7FC593D93FD6}
	EndGlobalSection
EndGlobal
